# THIS IS AN AUTOGENERATED FILE. DO NOT EDIT THIS FILE DIRECTLY.
# yarn lockfile v1


"@babel/parser@^7.16.4":
  version "7.16.6"
  resolved "https://registry.yarnpkg.com/@babel/parser/-/parser-7.16.6.tgz#8f194828193e8fa79166f34a4b4e52f3e769a314"
  integrity sha512-Gr86ujcNuPDnNOY8mi383Hvi8IYrJVJYuf3XcuBM/Dgd+bINn/7tHqsj+tKkoreMbmGsFLsltI/JJd8fOFWGDQ==

"@popperjs/core@^2.9.0":
  version "2.11.0"
  resolved "https://registry.yarnpkg.com/@popperjs/core/-/core-2.11.0.tgz#6734f8ebc106a0860dff7f92bf90df193f0935d7"
  integrity sha512-zrsUxjLOKAzdewIDRWy9nsV1GQsKBCWaGwsZQlCgr6/q+vjyZhFgqedLfFBuI9anTPEUT4APq9Mu0SZBTzIcGQ==

"@tiptap/core@^2.0.0-beta.159":
  version "2.0.0-beta.159"
  resolved "https://registry.yarnpkg.com/@tiptap/core/-/core-2.0.0-beta.159.tgz#010ed6fd364a00d3e399ea5e88b6c22bf072c06d"
  integrity sha512-/p8vNPclr0N6SeI0HGAXbAYaZPH+PiQy2frjaved+SPKneAszAq2DmhTcLaOOuvwRofD80xnseStkZbKBo/CMw==
  dependencies:
    "@types/prosemirror-commands" "^1.0.4"
    "@types/prosemirror-keymap" "^1.0.4"
    "@types/prosemirror-model" "^1.13.2"
    "@types/prosemirror-schema-list" "^1.0.3"
    "@types/prosemirror-state" "^1.2.8"
    "@types/prosemirror-transform" "^1.1.5"
    "@types/prosemirror-view" "^1.19.2"
    prosemirror-commands "^1.1.12"
    prosemirror-keymap "^1.1.5"
    prosemirror-model "^1.15.0"
    prosemirror-schema-list "^1.1.6"
    prosemirror-state "^1.3.4"
    prosemirror-transform "^1.3.3"
    prosemirror-view "^1.23.3"

"@tiptap/extension-bold@^2.0.0-beta.25":
  version "2.0.0-beta.25"
  resolved "https://registry.yarnpkg.com/@tiptap/extension-bold/-/extension-bold-2.0.0-beta.25.tgz#ec19e7c862d25bae49609c5d6a873f372c506dee"
  integrity sha512-ZNdgFYDxKo8lAp0Pqzu45I0JH3ah8/X5TCYg9zNg3QwLUFT16g2LlWDMUDGT5pH9aXxgtFaEdoVacu0EyhlPnQ==

"@tiptap/extension-bubble-menu@^2.0.0-beta.53":
  version "2.0.0-beta.53"
  resolved "https://registry.yarnpkg.com/@tiptap/extension-bubble-menu/-/extension-bubble-menu-2.0.0-beta.53.tgz#c375a6129110df140b9691116529344c17d03afc"
  integrity sha512-INR0b5XFQZJV8CxogG/7qtZ7TNQxZW1EQW0+eFKtOgwvCRj7d/jlJTWkvqmwV30GHqhd6OB1Au9t+BuN0PzMIQ==
  dependencies:
    prosemirror-state "^1.3.4"
    prosemirror-view "^1.23.3"
    tippy.js "^6.3.7"

"@tiptap/extension-document@^2.0.0-beta.15":
  version "2.0.0-beta.15"
  resolved "https://registry.yarnpkg.com/@tiptap/extension-document/-/extension-document-2.0.0-beta.15.tgz#5d17a0289244a913ab2ef08e8495a1e46950711e"
  integrity sha512-ypENC+xUYD5m2t+KOKNYqyXnanXd5fxyIyhR1qeEEwwQwMXGNrO3kCH6O4mIDCpy+/WqHvVay2tV5dVsXnvY8w==

"@tiptap/extension-floating-menu@^2.0.0-beta.48":
  version "2.0.0-beta.48"
  resolved "https://registry.yarnpkg.com/@tiptap/extension-floating-menu/-/extension-floating-menu-2.0.0-beta.48.tgz#e01f8bde0b730e11371dd6b5d52e4af357124e8f"
  integrity sha512-brO+CxyNcqgUG5fEH24D+Xj5Vb5wnEkbeKpMhxwAZgiAWjs4ISw4g6GfT8Hy23DV6MqoyXrswhqjcX3XsMypCQ==
  dependencies:
    prosemirror-state "^1.3.4"
    prosemirror-view "^1.23.3"
    tippy.js "^6.3.7"

"@tiptap/extension-paragraph@^2.0.0-beta.23":
  version "2.0.0-beta.23"
  resolved "https://registry.yarnpkg.com/@tiptap/extension-paragraph/-/extension-paragraph-2.0.0-beta.23.tgz#2ab77308519494994d7a9e5a4acd14042f45f28c"
  integrity sha512-VWAxyzecErYWk97Kv/Gkghh97zAQTcaVOisEnYYArZAlyYDaYM48qVssAC/vnRRynP2eQxb1EkppbAxE+bMHAA==

"@tiptap/extension-text@^2.0.0-beta.15":
  version "2.0.0-beta.15"
  resolved "https://registry.yarnpkg.com/@tiptap/extension-text/-/extension-text-2.0.0-beta.15.tgz#f08cff1b78f1c6996464dfba1fef8ec1e107617f"
  integrity sha512-S3j2+HyV2gsXZP8Wg/HA+YVXQsZ3nrXgBM9HmGAxB0ESOO50l7LWfip0f3qcw1oRlh5H3iLPkA6/f7clD2/TFA==

"@tiptap/vue-3@^2.0.0-beta.85":
  version "2.0.0-beta.85"
  resolved "https://registry.yarnpkg.com/@tiptap/vue-3/-/vue-3-2.0.0-beta.85.tgz#ac19d6d56e8f3183efbdc3eaca75120b63be525b"
  integrity sha512-QhCiEHov5e0ZuPJQX+JlyRrLLAuJ84Up5nnxZQMhO0ZSa75keylSmS9lBnXvTegQmbRlvZjSMwPzxwSB0KhBZQ==
  dependencies:
    "@tiptap/extension-bubble-menu" "^2.0.0-beta.53"
    "@tiptap/extension-floating-menu" "^2.0.0-beta.48"
    prosemirror-state "^1.3.4"
    prosemirror-view "^1.23.3"

"@types/orderedmap@*":
  version "1.0.0"
  resolved "https://registry.yarnpkg.com/@types/orderedmap/-/orderedmap-1.0.0.tgz#807455a192bba52cbbb4517044bc82bdbfa8c596"
  integrity sha512-dxKo80TqYx3YtBipHwA/SdFmMMyLCnP+5mkEqN0eMjcTBzHkiiX0ES118DsjDBjvD+zeSsSU9jULTZ+frog+Gw==

"@types/prosemirror-commands@*", "@types/prosemirror-commands@^1.0.4":
  version "1.0.4"
  resolved "https://registry.yarnpkg.com/@types/prosemirror-commands/-/prosemirror-commands-1.0.4.tgz#d08551415127d93ae62e7239d30db0b5e7208e22"
  integrity sha512-utDNYB3EXLjAfYIcRWJe6pn3kcQ5kG4RijbT/0Y/TFOm6yhvYS/D9eJVnijdg9LDjykapcezchxGRqFD5LcyaQ==
  dependencies:
    "@types/prosemirror-model" "*"
    "@types/prosemirror-state" "*"
    "@types/prosemirror-view" "*"

"@types/prosemirror-keymap@^1.0.4":
  version "1.0.4"
  resolved "https://registry.yarnpkg.com/@types/prosemirror-keymap/-/prosemirror-keymap-1.0.4.tgz#f73c79810e8d0e0a20d153d84f998f02e5afbc0c"
  integrity sha512-ycevwkqUh+jEQtPwqO7sWGcm+Sybmhu8MpBsM8DlO3+YTKnXbKA6SDz/+q14q1wK3UA8lHJyfR+v+GPxfUSemg==
  dependencies:
    "@types/prosemirror-commands" "*"
    "@types/prosemirror-model" "*"
    "@types/prosemirror-state" "*"
    "@types/prosemirror-view" "*"

"@types/prosemirror-model@*", "@types/prosemirror-model@^1.13.2":
  version "1.13.2"
  resolved "https://registry.yarnpkg.com/@types/prosemirror-model/-/prosemirror-model-1.13.2.tgz#2adad3ec478f83204f155d7fb94c9dfde2fc3296"
  integrity sha512-a2rDB0aZ+7aIP7uBqQq1wLb4Hg4qqEvpkCqvhsgT/gG8IWC0peCAZfQ24sgTco0qSJLeDgIbtPeU6mgr869/kg==
  dependencies:
    "@types/orderedmap" "*"

"@types/prosemirror-schema-list@^1.0.3":
  version "1.0.3"
  resolved "https://registry.yarnpkg.com/@types/prosemirror-schema-list/-/prosemirror-schema-list-1.0.3.tgz#bdf1893a7915fbdc5c49b3cac9368e96213d70de"
  integrity sha512-uWybOf+M2Ea7rlbs0yLsS4YJYNGXYtn4N+w8HCw3Vvfl6wBAROzlMt0gV/D/VW/7J/LlAjwMezuGe8xi24HzXA==
  dependencies:
    "@types/orderedmap" "*"
    "@types/prosemirror-model" "*"
    "@types/prosemirror-state" "*"

"@types/prosemirror-state@*", "@types/prosemirror-state@^1.2.8":
  version "1.2.8"
  resolved "https://registry.yarnpkg.com/@types/prosemirror-state/-/prosemirror-state-1.2.8.tgz#65080eeec52f63c50bf7034377f07773b4f6b2ac"
  integrity sha512-mq9uyQWcpu8jeamO6Callrdvf/e1H/aRLR2kZWSpZrPHctEsxWHBbluD/wqVjXBRIOoMHLf6ZvOkrkmGLoCHVA==
  dependencies:
    "@types/prosemirror-model" "*"
    "@types/prosemirror-transform" "*"
    "@types/prosemirror-view" "*"

"@types/prosemirror-transform@*", "@types/prosemirror-transform@^1.1.5":
  version "1.1.5"
  resolved "https://registry.yarnpkg.com/@types/prosemirror-transform/-/prosemirror-transform-1.1.5.tgz#e6949398c64a5d3ca53e6081352751aa9e9ce76e"
  integrity sha512-Wr2HXaEF4JPklWpC17RTxE6PxyU54Taqk5FMhK1ojgcN93J+GpkYW8s0mD3rl7KfTmlhVwZPCHE9o0cYf2Go5A==
  dependencies:
    "@types/prosemirror-model" "*"

"@types/prosemirror-view@*", "@types/prosemirror-view@^1.19.2":
  version "1.19.2"
  resolved "https://registry.yarnpkg.com/@types/prosemirror-view/-/prosemirror-view-1.19.2.tgz#1bab4daf0f1f14313fe0d3f6b57f0a3b4ef6c50d"
  integrity sha512-pmh2DuMJzva4D7SxspRKIzkV6FK2o52uAqGjq2dPYcQFPwu4+5RcS1TMjFVCh1R+Ia1Rx8wsCNIId/5+6DB0Bg==
  dependencies:
    "@types/prosemirror-model" "*"
    "@types/prosemirror-state" "*"
    "@types/prosemirror-transform" "*"

"@vue/compiler-core@3.2.26":
  version "3.2.26"
  resolved "https://registry.yarnpkg.com/@vue/compiler-core/-/compiler-core-3.2.26.tgz#9ab92ae624da51f7b6064f4679c2d4564f437cc8"
  integrity sha512-N5XNBobZbaASdzY9Lga2D9Lul5vdCIOXvUMd6ThcN8zgqQhPKfCV+wfAJNNJKQkSHudnYRO2gEB+lp0iN3g2Tw==
  dependencies:
    "@babel/parser" "^7.16.4"
    "@vue/shared" "3.2.26"
    estree-walker "^2.0.2"
    source-map "^0.6.1"

"@vue/compiler-dom@3.2.26":
  version "3.2.26"
  resolved "https://registry.yarnpkg.com/@vue/compiler-dom/-/compiler-dom-3.2.26.tgz#c7a7b55d50a7b7981dd44fc28211df1450482667"
  integrity sha512-smBfaOW6mQDxcT3p9TKT6mE22vjxjJL50GFVJiI0chXYGU/xzC05QRGrW3HHVuJrmLTLx5zBhsZ2dIATERbarg==
  dependencies:
    "@vue/compiler-core" "3.2.26"
    "@vue/shared" "3.2.26"

"@vue/compiler-sfc@3.2.26":
  version "3.2.26"
  resolved "https://registry.yarnpkg.com/@vue/compiler-sfc/-/compiler-sfc-3.2.26.tgz#3ce76677e4aa58311655a3bea9eb1cb804d2273f"
  integrity sha512-ePpnfktV90UcLdsDQUh2JdiTuhV0Skv2iYXxfNMOK/F3Q+2BO0AulcVcfoksOpTJGmhhfosWfMyEaEf0UaWpIw==
  dependencies:
    "@babel/parser" "^7.16.4"
    "@vue/compiler-core" "3.2.26"
    "@vue/compiler-dom" "3.2.26"
    "@vue/compiler-ssr" "3.2.26"
    "@vue/reactivity-transform" "3.2.26"
    "@vue/shared" "3.2.26"
    estree-walker "^2.0.2"
    magic-string "^0.25.7"
    postcss "^8.1.10"
    source-map "^0.6.1"

"@vue/compiler-ssr@3.2.26":
  version "3.2.26"
  resolved "https://registry.yarnpkg.com/@vue/compiler-ssr/-/compiler-ssr-3.2.26.tgz#fd049523341fbf4ab5e88e25eef566d862894ba7"
  integrity sha512-2mywLX0ODc4Zn8qBoA2PDCsLEZfpUGZcyoFRLSOjyGGK6wDy2/5kyDOWtf0S0UvtoyVq95OTSGIALjZ4k2q/ag==
  dependencies:
    "@vue/compiler-dom" "3.2.26"
    "@vue/shared" "3.2.26"

"@vue/reactivity-transform@3.2.26":
  version "3.2.26"
  resolved "https://registry.yarnpkg.com/@vue/reactivity-transform/-/reactivity-transform-3.2.26.tgz#6d8f20a4aa2d19728f25de99962addbe7c4d03e9"
  integrity sha512-XKMyuCmzNA7nvFlYhdKwD78rcnmPb7q46uoR00zkX6yZrUmcCQ5OikiwUEVbvNhL5hBJuvbSO95jB5zkUon+eQ==
  dependencies:
    "@babel/parser" "^7.16.4"
    "@vue/compiler-core" "3.2.26"
    "@vue/shared" "3.2.26"
    estree-walker "^2.0.2"
    magic-string "^0.25.7"

"@vue/reactivity@3.2.26":
  version "3.2.26"
  resolved "https://registry.yarnpkg.com/@vue/reactivity/-/reactivity-3.2.26.tgz#d529191e581521c3c12e29ef986d4c8a933a0f83"
  integrity sha512-h38bxCZLW6oFJVDlCcAiUKFnXI8xP8d+eO0pcDxx+7dQfSPje2AO6M9S9QO6MrxQB7fGP0DH0dYQ8ksf6hrXKQ==
  dependencies:
    "@vue/shared" "3.2.26"

"@vue/runtime-core@3.2.26":
  version "3.2.26"
  resolved "https://registry.yarnpkg.com/@vue/runtime-core/-/runtime-core-3.2.26.tgz#5c59cc440ed7a39b6dbd4c02e2d21c8d1988f0de"
  integrity sha512-BcYi7qZ9Nn+CJDJrHQ6Zsmxei2hDW0L6AB4vPvUQGBm2fZyC0GXd/4nVbyA2ubmuhctD5RbYY8L+5GUJszv9mQ==
  dependencies:
    "@vue/reactivity" "3.2.26"
    "@vue/shared" "3.2.26"

"@vue/runtime-dom@3.2.26":
  version "3.2.26"
  resolved "https://registry.yarnpkg.com/@vue/runtime-dom/-/runtime-dom-3.2.26.tgz#84d3ae2584488747717c2e072d5d9112c0d2e6c2"
  integrity sha512-dY56UIiZI+gjc4e8JQBwAifljyexfVCkIAu/WX8snh8vSOt/gMSEGwPRcl2UpYpBYeyExV8WCbgvwWRNt9cHhQ==
  dependencies:
    "@vue/runtime-core" "3.2.26"
    "@vue/shared" "3.2.26"
    csstype "^2.6.8"

"@vue/server-renderer@3.2.26":
  version "3.2.26"
  resolved "https://registry.yarnpkg.com/@vue/server-renderer/-/server-renderer-3.2.26.tgz#f16a4b9fbcc917417b4cea70c99afce2701341cf"
  integrity sha512-Jp5SggDUvvUYSBIvYEhy76t4nr1vapY/FIFloWmQzn7UxqaHrrBpbxrqPcTrSgGrcaglj0VBp22BKJNre4aA1w==
  dependencies:
    "@vue/compiler-ssr" "3.2.26"
    "@vue/shared" "3.2.26"

"@vue/shared@3.2.26":
  version "3.2.26"
  resolved "https://registry.yarnpkg.com/@vue/shared/-/shared-3.2.26.tgz#7acd1621783571b9a82eca1f041b4a0a983481d9"
  integrity sha512-vPV6Cq+NIWbH5pZu+V+2QHE9y1qfuTq49uNWw4f7FDEeZaDU2H2cx5jcUZOAKW7qTrUS4k6qZPbMy1x4N96nbA==

csstype@^2.6.8:
  version "2.6.19"
  resolved "https://registry.yarnpkg.com/csstype/-/csstype-2.6.19.tgz#feeb5aae89020bb389e1f63669a5ed490e391caa"
  integrity sha512-ZVxXaNy28/k3kJg0Fou5MiYpp88j7H9hLZp8PDC3jV0WFjfH5E9xHb56L0W59cPbKbcHXeP4qyT8PrHp8t6LcQ==

estree-walker@^2.0.2:
  version "2.0.2"
  resolved "https://registry.yarnpkg.com/estree-walker/-/estree-walker-2.0.2.tgz#52f010178c2a4c117a7757cfe942adb7d2da4cac"
  integrity sha512-Rfkk/Mp/DL7JVje3u18FxFujQlTNR2q6QfMSMB7AvCBx91NGj/ba3kCfza0f6dVDbw7YlRf/nDrn7pQrCCyQ/w==

magic-string@^0.25.7:
  version "0.25.7"
  resolved "https://registry.yarnpkg.com/magic-string/-/magic-string-0.25.7.tgz#3f497d6fd34c669c6798dcb821f2ef31f5445051"
  integrity sha512-4CrMT5DOHTDk4HYDlzmwu4FVCcIYI8gauveasrdCu2IKIFOJ3f0v/8MDGJCDL9oD2ppz/Av1b0Nj345H9M+XIA==
  dependencies:
    sourcemap-codec "^1.4.4"

nanoid@^3.1.30:
  version "3.1.30"
  resolved "https://registry.yarnpkg.com/nanoid/-/nanoid-3.1.30.tgz#63f93cc548d2a113dc5dfbc63bfa09e2b9b64362"
  integrity sha512-zJpuPDwOv8D2zq2WRoMe1HsfZthVewpel9CAvTfc/2mBD1uUT/agc5f7GHGWXlYkFvi1mVxe4IjvP2HNrop7nQ==

orderedmap@^1.1.0:
  version "1.1.1"
  resolved "https://registry.yarnpkg.com/orderedmap/-/orderedmap-1.1.1.tgz#c618e77611b3b21d0fe3edc92586265e0059c789"
  integrity sha512-3Ux8um0zXbVacKUkcytc0u3HgC0b0bBLT+I60r2J/En72cI0nZffqrA7Xtf2Hqs27j1g82llR5Mhbd0Z1XW4AQ==

picocolors@^1.0.0:
  version "1.0.0"
  resolved "https://registry.yarnpkg.com/picocolors/-/picocolors-1.0.0.tgz#cb5bdc74ff3f51892236eaf79d68bc44564ab81c"
  integrity sha512-1fygroTLlHu66zi26VoTDv8yRgm0Fccecssto+MhsZ0D/DGW2sm8E8AjW7NU5VVTRt5GxbeZ5qBuJr+HyLYkjQ==

postcss@^8.1.10:
  version "8.4.5"
  resolved "https://registry.yarnpkg.com/postcss/-/postcss-8.4.5.tgz#bae665764dfd4c6fcc24dc0fdf7e7aa00cc77f95"
  integrity sha512-jBDboWM8qpaqwkMwItqTQTiFikhs/67OYVvblFFTM7MrZjt6yMKd6r2kgXizEbTTljacm4NldIlZnhbjr84QYg==
  dependencies:
    nanoid "^3.1.30"
    picocolors "^1.0.0"
    source-map-js "^1.0.1"

prosemirror-commands@^1.1.12:
  version "1.1.12"
  resolved "https://registry.yarnpkg.com/prosemirror-commands/-/prosemirror-commands-1.1.12.tgz#5cb0fef4e5a0039e2fa19b42a5626af03d7c2ec3"
  integrity sha512-+CrMs3w/ZVPSkR+REg8KL/clyFLv/1+SgY/OMN+CB22Z24j9TZDje72vL36lOZ/E4NeRXuiCcmENcW/vAcG67A==
  dependencies:
    prosemirror-model "^1.0.0"
    prosemirror-state "^1.0.0"
    prosemirror-transform "^1.0.0"

prosemirror-keymap@^1.1.5:
  version "1.1.5"
  resolved "https://registry.yarnpkg.com/prosemirror-keymap/-/prosemirror-keymap-1.1.5.tgz#b5984c7d30f5c75956c853126c54e9e624c0327b"
  integrity sha512-8SZgPH3K+GLsHL2wKuwBD9rxhsbnVBTwpHCO4VUO5GmqUQlxd/2GtBVWTsyLq4Dp3N9nGgPd3+lZFKUDuVp+Vw==
  dependencies:
    prosemirror-state "^1.0.0"
    w3c-keyname "^2.2.0"

prosemirror-model@^1.0.0, prosemirror-model@^1.15.0, prosemirror-model@^1.16.0:
  version "1.16.0"
  resolved "https://registry.yarnpkg.com/prosemirror-model/-/prosemirror-model-1.16.0.tgz#b10269d8e2d4715adf4b526bdc9c40abf07bee79"
  integrity sha512-EheF1nX6gR9C/l76wGfqWujE3hc/ZgohzeFWLROOLEZtAm3qDCzju390XM65J/GQyqA1Y7ZesYOGHfVmdanm0w==
  dependencies:
    orderedmap "^1.1.0"

prosemirror-schema-list@^1.1.6:
  version "1.1.6"
  resolved "https://registry.yarnpkg.com/prosemirror-schema-list/-/prosemirror-schema-list-1.1.6.tgz#c3e13fe2f74750e4a53ff88d798dc0c4ccca6707"
  integrity sha512-aFGEdaCWmJzouZ8DwedmvSsL50JpRkqhQ6tcpThwJONVVmCgI36LJHtoQ4VGZbusMavaBhXXr33zyD2IVsTlkw==
  dependencies:
    prosemirror-model "^1.0.0"
    prosemirror-transform "^1.0.0"

prosemirror-state@^1.0.0, prosemirror-state@^1.3.4:
  version "1.3.4"
  resolved "https://registry.yarnpkg.com/prosemirror-state/-/prosemirror-state-1.3.4.tgz#4c6b52628216e753fc901c6d2bfd84ce109e8952"
  integrity sha512-Xkkrpd1y/TQ6HKzN3agsQIGRcLckUMA9u3j207L04mt8ToRgpGeyhbVv0HI7omDORIBHjR29b7AwlATFFf2GLA==
  dependencies:
    prosemirror-model "^1.0.0"
    prosemirror-transform "^1.0.0"

prosemirror-transform@^1.0.0, prosemirror-transform@^1.1.0, prosemirror-transform@^1.3.3:
  version "1.3.3"
  resolved "https://registry.yarnpkg.com/prosemirror-transform/-/prosemirror-transform-1.3.3.tgz#5f6712b0577a119cc418686fe7588b6dd9b7464d"
  integrity sha512-9NLVXy1Sfa2G6qPqhWMkEvwQQMTw7OyTqOZbJaGQWsCeH3hH5Cw+c5eNaLM1Uu75EyKLsEZhJ93XpHJBa6RX8A==
  dependencies:
    prosemirror-model "^1.0.0"

prosemirror-view@^1.23.3:
  version "1.23.5"
  resolved "https://registry.yarnpkg.com/prosemirror-view/-/prosemirror-view-1.23.5.tgz#0f4af48fa9d30aa0b945816e2b8e6cb1c82ac674"
  integrity sha512-GlcCtoFdW17KNOKjOl7OZTU3btENgVfzN/i0RBvy1SEKAZfo88PdvcFrWTraNZHH+y/uhYR3PAdMiDK9DlN5UA==
  dependencies:
    prosemirror-model "^1.16.0"
    prosemirror-state "^1.0.0"
    prosemirror-transform "^1.1.0"

source-map-js@^1.0.1:
  version "1.0.1"
  resolved "https://registry.yarnpkg.com/source-map-js/-/source-map-js-1.0.1.tgz#a1741c131e3c77d048252adfa24e23b908670caf"
  integrity sha512-4+TN2b3tqOCd/kaGRJ/sTYA0tR0mdXx26ipdolxcwtJVqEnqNYvlCAt1q3ypy4QMlYus+Zh34RNtYLoq2oQ4IA==

source-map@^0.6.1:
  version "0.6.1"
  resolved "https://registry.yarnpkg.com/source-map/-/source-map-0.6.1.tgz#74722af32e9614e9c287a8d0bbde48b5e2f1a263"
  integrity sha512-UjgapumWlbMhkBgzT7Ykc5YXUT46F0iKu8SGXq0bcwP5dz/h0Plj6enJqjz1Zbq2l5WaqYnrVbwWOWMyF3F47g==

sourcemap-codec@^1.4.4:
  version "1.4.8"
  resolved "https://registry.yarnpkg.com/sourcemap-codec/-/sourcemap-codec-1.4.8.tgz#ea804bd94857402e6992d05a38ef1ae35a9ab4c4"
  integrity sha512-9NykojV5Uih4lgo5So5dtw+f0JgJX30KCNI8gwhz2J9A15wD0Ml6tjHKwf6fTSa6fAdVBdZeNOs9eJ71qCk8vA==

tippy.js@^6.3.7:
  version "6.3.7"
  resolved "https://registry.yarnpkg.com/tippy.js/-/tippy.js-6.3.7.tgz#8ccfb651d642010ed9a32ff29b0e9e19c5b8c61c"
  integrity sha512-E1d3oP2emgJ9dRQZdf3Kkn0qJgI6ZLpyS5z6ZkY1DF3kaQaBsGZsndEpHwx+eC+tYM41HaSNvNtLx8tU57FzTQ==
  dependencies:
    "@popperjs/core" "^2.9.0"

typescript@^4.4.4:
  version "4.5.4"
  resolved "https://registry.yarnpkg.com/typescript/-/typescript-4.5.4.tgz#a17d3a0263bf5c8723b9c52f43c5084edf13c2e8"
  integrity sha512-VgYs2A2QIRuGphtzFV7aQJduJ2gyfTljngLzjpfW9FoYZF6xuw1W0vW9ghCKLfcWrCFxK81CSGRAvS1pn4fIUg==

vue@^3.0.0:
  version "3.2.26"
  resolved "https://registry.yarnpkg.com/vue/-/vue-3.2.26.tgz#5db575583ecae495c7caa5c12fd590dffcbb763e"
  integrity sha512-KD4lULmskL5cCsEkfhERVRIOEDrfEL9CwAsLYpzptOGjaGFNWo3BQ9g8MAb7RaIO71rmVOziZ/uEN/rHwcUIhg==
  dependencies:
    "@vue/compiler-dom" "3.2.26"
    "@vue/compiler-sfc" "3.2.26"
    "@vue/runtime-dom" "3.2.26"
    "@vue/server-renderer" "3.2.26"
    "@vue/shared" "3.2.26"

w3c-keyname@^2.2.0:
  version "2.2.4"
  resolved "https://registry.yarnpkg.com/w3c-keyname/-/w3c-keyname-2.2.4.tgz#4ade6916f6290224cdbd1db8ac49eab03d0eef6b"
  integrity sha512-tOhfEwEzFLJzf6d1ZPkYfGj+FWhIpBux9ppoP3rlclw3Z0BZv3N7b7030Z1kYth+6rDuAsXUFr+d0VE6Ed1ikw==
